{
    "_meta": {
        "hash": {
            "sha256": "27f010da5a9f7fe5d677616034e954e9383fe5e22b2063049da9ee5912735116"
        },
        "pipfile-spec": 6,
        "requires": {
            "python_version": "3.10"
        },
        "sources": [
            {
                "name": "pypi",
                "url": "https://pypi.org/simple",
                "verify_ssl": true
            }
        ]
    },
    "default": {
        "arrow": {
            "hashes": [
                "sha256:05caf1fd3d9a11a1135b2b6f09887421153b94558e5ef4d090b567b47173ac2b",
                "sha256:d622c46ca681b5b3e3574fcb60a04e5cc81b9625112d5fb2b44220c36c892177"
            ],
            "index": "pypi",
            "version": "==1.2.2"
        },
        "cffi": {
            "hashes": [
                "sha256:00c878c90cb53ccfaae6b8bc18ad05d2036553e6d9d1d9dbcf323bbe83854ca3",
                "sha256:0104fb5ae2391d46a4cb082abdd5c69ea4eab79d8d44eaaf79f1b1fd806ee4c2",
                "sha256:06c48159c1abed75c2e721b1715c379fa3200c7784271b3c46df01383b593636",
                "sha256:0808014eb713677ec1292301ea4c81ad277b6cdf2fdd90fd540af98c0b101d20",
                "sha256:10dffb601ccfb65262a27233ac273d552ddc4d8ae1bf93b21c94b8511bffe728",
                "sha256:14cd121ea63ecdae71efa69c15c5543a4b5fbcd0bbe2aad864baca0063cecf27",
                "sha256:17771976e82e9f94976180f76468546834d22a7cc404b17c22df2a2c81db0c66",
                "sha256:181dee03b1170ff1969489acf1c26533710231c58f95534e3edac87fff06c443",
                "sha256:23cfe892bd5dd8941608f93348c0737e369e51c100d03718f108bf1add7bd6d0",
                "sha256:263cc3d821c4ab2213cbe8cd8b355a7f72a8324577dc865ef98487c1aeee2bc7",
                "sha256:2756c88cbb94231c7a147402476be2c4df2f6078099a6f4a480d239a8817ae39",
                "sha256:27c219baf94952ae9d50ec19651a687b826792055353d07648a5695413e0c605",
                "sha256:2a23af14f408d53d5e6cd4e3d9a24ff9e05906ad574822a10563efcef137979a",
                "sha256:31fb708d9d7c3f49a60f04cf5b119aeefe5644daba1cd2a0fe389b674fd1de37",
                "sha256:3415c89f9204ee60cd09b235810be700e993e343a408693e80ce7f6a40108029",
                "sha256:3773c4d81e6e818df2efbc7dd77325ca0dcb688116050fb2b3011218eda36139",
                "sha256:3b96a311ac60a3f6be21d2572e46ce67f09abcf4d09344c49274eb9e0bf345fc",
                "sha256:3f7d084648d77af029acb79a0ff49a0ad7e9d09057a9bf46596dac9514dc07df",
                "sha256:41d45de54cd277a7878919867c0f08b0cf817605e4eb94093e7516505d3c8d14",
                "sha256:4238e6dab5d6a8ba812de994bbb0a79bddbdf80994e4ce802b6f6f3142fcc880",
                "sha256:45db3a33139e9c8f7c09234b5784a5e33d31fd6907800b316decad50af323ff2",
                "sha256:45e8636704eacc432a206ac7345a5d3d2c62d95a507ec70d62f23cd91770482a",
                "sha256:4958391dbd6249d7ad855b9ca88fae690783a6be9e86df65865058ed81fc860e",
                "sha256:4a306fa632e8f0928956a41fa8e1d6243c71e7eb59ffbd165fc0b41e316b2474",
                "sha256:57e9ac9ccc3101fac9d6014fba037473e4358ef4e89f8e181f8951a2c0162024",
                "sha256:59888172256cac5629e60e72e86598027aca6bf01fa2465bdb676d37636573e8",
                "sha256:5e069f72d497312b24fcc02073d70cb989045d1c91cbd53979366077959933e0",
                "sha256:64d4ec9f448dfe041705426000cc13e34e6e5bb13736e9fd62e34a0b0c41566e",
                "sha256:6dc2737a3674b3e344847c8686cf29e500584ccad76204efea14f451d4cc669a",
                "sha256:74fdfdbfdc48d3f47148976f49fab3251e550a8720bebc99bf1483f5bfb5db3e",
                "sha256:75e4024375654472cc27e91cbe9eaa08567f7fbdf822638be2814ce059f58032",
                "sha256:786902fb9ba7433aae840e0ed609f45c7bcd4e225ebb9c753aa39725bb3e6ad6",
                "sha256:8b6c2ea03845c9f501ed1313e78de148cd3f6cad741a75d43a29b43da27f2e1e",
                "sha256:91d77d2a782be4274da750752bb1650a97bfd8f291022b379bb8e01c66b4e96b",
                "sha256:91ec59c33514b7c7559a6acda53bbfe1b283949c34fe7440bcf917f96ac0723e",
                "sha256:920f0d66a896c2d99f0adbb391f990a84091179542c205fa53ce5787aff87954",
                "sha256:a5263e363c27b653a90078143adb3d076c1a748ec9ecc78ea2fb916f9b861962",
                "sha256:abb9a20a72ac4e0fdb50dae135ba5e77880518e742077ced47eb1499e29a443c",
                "sha256:c2051981a968d7de9dd2d7b87bcb9c939c74a34626a6e2f8181455dd49ed69e4",
                "sha256:c21c9e3896c23007803a875460fb786118f0cdd4434359577ea25eb556e34c55",
                "sha256:c2502a1a03b6312837279c8c1bd3ebedf6c12c4228ddbad40912d671ccc8a962",
                "sha256:d4d692a89c5cf08a8557fdeb329b82e7bf609aadfaed6c0d79f5a449a3c7c023",
                "sha256:da5db4e883f1ce37f55c667e5c0de439df76ac4cb55964655906306918e7363c",
                "sha256:e7022a66d9b55e93e1a845d8c9eba2a1bebd4966cd8bfc25d9cd07d515b33fa6",
                "sha256:ef1f279350da2c586a69d32fc8733092fd32cc8ac95139a00377841f59a3f8d8",
                "sha256:f54a64f8b0c8ff0b64d18aa76675262e1700f3995182267998c31ae974fbc382",
                "sha256:f5c7150ad32ba43a07c4479f40241756145a1f03b43480e058cfd862bf5041c7",
                "sha256:f6f824dc3bce0edab5f427efcfb1d63ee75b6fcb7282900ccaf925be84efb0fc",
                "sha256:fd8a250edc26254fe5b33be00402e6d287f562b6a5b2152dec302fa15bb3e997",
                "sha256:ffaa5c925128e29efbde7301d8ecaf35c8c60ffbcd6a1ffd3a552177c8e5e796"
            ],
            "version": "==1.15.0"
        },
        "click": {
            "hashes": [
                "sha256:24e1a4a9ec5bf6299411369b208c1df2188d9eb8d916302fe6bf03faed227f1e",
                "sha256:479707fe14d9ec9a0757618b7a100a0ae4c4e236fac5b7f80ca68028141a1a72"
            ],
            "index": "pypi",
            "version": "==8.1.2"
        },
        "colorama": {
            "hashes": [
                "sha256:5941b2b48a20143d2267e95b1c2a7603ce057ee39fd88e7329b0c292aa16869b",
                "sha256:9f47eda37229f68eee03b24b9748937c7dc3868f906e8ba69fbcbdd3bc5dc3e2"
            ],
            "index": "pypi",
            "version": "==0.4.4"
        },
        "cryptography": {
            "hashes": [
                "sha256:0a3bf09bb0b7a2c93ce7b98cb107e9170a90c51a0162a20af1c61c765b90e60b",
                "sha256:1f64a62b3b75e4005df19d3b5235abd43fa6358d5516cfc43d87aeba8d08dd51",
                "sha256:32db5cc49c73f39aac27574522cecd0a4bb7384e71198bc65a0d23f901e89bb7",
                "sha256:4881d09298cd0b669bb15b9cfe6166f16fc1277b4ed0d04a22f3d6430cb30f1d",
                "sha256:4e2dddd38a5ba733be6a025a1475a9f45e4e41139d1321f412c6b360b19070b6",
                "sha256:53e0285b49fd0ab6e604f4c5d9c5ddd98de77018542e88366923f152dbeb3c29",
                "sha256:70f8f4f7bb2ac9f340655cbac89d68c527af5bb4387522a8413e841e3e6628c9",
                "sha256:7b2d54e787a884ffc6e187262823b6feb06c338084bbe80d45166a1cb1c6c5bf",
                "sha256:7be666cc4599b415f320839e36367b273db8501127b38316f3b9f22f17a0b815",
                "sha256:8241cac0aae90b82d6b5c443b853723bcc66963970c67e56e71a2609dc4b5eaf",
                "sha256:82740818f2f240a5da8dfb8943b360e4f24022b093207160c77cadade47d7c85",
                "sha256:8897b7b7ec077c819187a123174b645eb680c13df68354ed99f9b40a50898f77",
                "sha256:c2c5250ff0d36fd58550252f54915776940e4e866f38f3a7866d92b32a654b86",
                "sha256:ca9f686517ec2c4a4ce930207f75c00bf03d94e5063cbc00a1dc42531511b7eb",
                "sha256:d2b3d199647468d410994dbeb8cec5816fb74feb9368aedf300af709ef507e3e",
                "sha256:da73d095f8590ad437cd5e9faf6628a218aa7c387e1fdf67b888b47ba56a17f0",
                "sha256:e167b6b710c7f7bc54e67ef593f8731e1f45aa35f8a8a7b72d6e42ec76afd4b3",
                "sha256:ea634401ca02367c1567f012317502ef3437522e2fc44a3ea1844de028fa4b84",
                "sha256:ec6597aa85ce03f3e507566b8bcdf9da2227ec86c4266bd5e6ab4d9e0cc8dab2",
                "sha256:f64b232348ee82f13aac22856515ce0195837f6968aeaa94a3d0353ea2ec06a6"
            ],
            "index": "pypi",
            "version": "==36.0.2"
        },
        "inquirerpy": {
            "hashes": [
                "sha256:29a1ace830d98730e0a2fc01b4484256491c182cdde93ad66ff602b1b510aaeb",
                "sha256:773ba1f1c82852e5289e9fb3956ee06ef113ec949e3614d277ce24fe7945021c"
            ],
            "index": "pypi",
            "version": "==0.3.3"
        },
        "pfzy": {
            "hashes": [
                "sha256:5f50d5b2b3207fa72e7ec0ef08372ef652685470974a107d0d4999fc5a903a96",
                "sha256:717ea765dd10b63618e7298b2d98efd819e0b30cd5905c9707223dceeb94b3f1"
            ],
            "markers": "python_version >= '3.7' and python_version < '4.0'",
            "version": "==0.3.4"
        },
        "prompt-toolkit": {
            "hashes": [
                "sha256:62291dad495e665fca0bda814e342c69952086afb0f4094d0893d357e5c78752",
                "sha256:bd640f60e8cecd74f0dc249713d433ace2ddc62b65ee07f96d358e0b152b6ea7"
            ],
            "markers": "python_full_version >= '3.6.2'",
            "version": "==3.0.29"
        },
        "psycopg2": {
            "hashes": [
                "sha256:06f32425949bd5fe8f625c49f17ebb9784e1e4fe928b7cce72edc36fb68e4c0c",
                "sha256:0762c27d018edbcb2d34d51596e4346c983bd27c330218c56c4dc25ef7e819bf",
                "sha256:083707a696e5e1c330af2508d8fab36f9700b26621ccbcb538abe22e15485362",
                "sha256:34b33e0162cfcaad151f249c2649fd1030010c16f4bbc40a604c1cb77173dcf7",
                "sha256:4295093a6ae3434d33ec6baab4ca5512a5082cc43c0505293087b8a46d108461",
                "sha256:8cf3878353cc04b053822896bc4922b194792df9df2f1ad8da01fb3043602126",
                "sha256:8e841d1bf3434da985cc5ef13e6f75c8981ced601fd70cc6bf33351b91562981",
                "sha256:9572e08b50aed176ef6d66f15a21d823bb6f6d23152d35e8451d7d2d18fdac56",
                "sha256:a81e3866f99382dfe8c15a151f1ca5fde5815fde879348fe5a9884a7c092a305",
                "sha256:cb10d44e6694d763fa1078a26f7f6137d69f555a78ec85dc2ef716c37447e4b2",
                "sha256:d3ca6421b942f60c008f81a3541e8faf6865a28d5a9b48544b0ee4f40cac7fca"
            ],
            "index": "pypi",
            "version": "==2.9.3"
        },
        "pycparser": {
            "hashes": [
                "sha256:8ee45429555515e1f6b185e78100aea234072576aa43ab53aefcae078162fca9",
                "sha256:e644fdec12f7872f86c58ff790da456218b10f863970249516d60a5eaca77206"
            ],
            "version": "==2.21"
        },
        "python-dateutil": {
            "hashes": [
                "sha256:0123cacc1627ae19ddf3c27a5de5bd67ee4586fbdd6440d9748f8abb483d3e86",
                "sha256:961d03dc3453ebbc59dbdea9e4e11c5651520a876d0f4db161e8674aae935da9"
            ],
            "markers": "python_version >= '2.7' and python_version not in '3.0, 3.1, 3.2, 3.3'",
            "version": "==2.8.2"
        },
        "pytomlpp": {
            "hashes": [
                "sha256:01e6a27a8d77f39ce3eab2717107539b5cdd4b8caf524e58396b7066f38981b1",
                "sha256:02d7c0291bbec46576d9b86f61881021b2279224baa770b9a57b17888bba64e3",
                "sha256:04cabd19fc746b8a04b278f1a1429de68eb3aa6a7cae0330d5c919e455eba7fd",
                "sha256:0ab3ec403080a902d56bc2ad29b8895f45c8c8ce132e773e14d5267e7ed1cd79",
                "sha256:0f9ca56a7d2932cf06bf6468fb398e8d9b67a2eb5bdf3de199f0d3ab5993c053",
                "sha256:160a29bf397a6f5dbd8ab0b985b3bcd8c6ec8ba29d4137cd2751cdcb6401409e",
                "sha256:19664c06fb132daa5ba94107f6c205a4f3122495155788e16503d1ea4e49d79d",
                "sha256:1d1c9566102da161a541329b9000574b2f3e4ccda7807c0799e1466c29ddab97",
                "sha256:1e583427ff49928e628d43940af31919f0d9e87138aaf1b506978d9d999d4551",
                "sha256:27dd7d5299e064619ecfd1d5da6a97a3626bc9c0eb7a8c5fb0f405f2d37178a5",
                "sha256:2f479327b4cd91d8ad9e0b8bcbc793d5b0dff38d4bea310bb4e33205ad60dfca",
                "sha256:2fc2c806d41176fb456cde35d09f93539b8e12f2a25db82d0a7c9832b5d86c10",
                "sha256:363b1b2469f6782dfb684f5f0c5b97e969b4822fe5c6d5619bc9d0c3ee3418dc",
                "sha256:450e0298fc879064ed5d0f4a4dd3b4419894ea609c49b711c0adcafdb1c55074",
                "sha256:4d9a43a375b816f6eaedd4e8d9921d8a4618c89970014dd993e17a3d61360a2d",
                "sha256:58c3dd9fe03a76cce4d8afb5fc21341773807e8cf81b201f013189c902474938",
                "sha256:592567be7c2261580673e977b17dafc262e977c7d24a6019438f1e2c0e4d7b70",
                "sha256:6040e3d70957695ff5864477b8554a23b7306a854262276a996a88d09264e669",
                "sha256:6a41243cf07b2f489e3ffdd191a6bc4b30715463a7fd6cb09e5400976e2f6259",
                "sha256:7a7ba1069f98d3c9d2d867ebf8d0e5dcd381927e22854a0db2f5d410bc46819d",
                "sha256:86810e8f9df7b55e8e65325d809a738e1ad7f49637e275cb55d8ab42651eabf6",
                "sha256:8edf552d041dfc9fc21af458176e3d790d2e279128c0ac1b26d6237f78a605c1",
                "sha256:90021866ee72c16475692ec8b0ecc69ec530d2b8ce27a63a4cc39c1907f4b37a",
                "sha256:9420596fb5ba9fad4bdf3899767448be2bf9144263a4506b2d7956d1099bf85d",
                "sha256:9505450bf56bef8f751ebe22097e0edc0ccdb68aa8841bd5369dc347bbca5d0e",
                "sha256:99b0efff21de3568e5df9e13781338143fbc672b246025d20359a5ffd6d8eb94",
                "sha256:9ee0860c9fa1c1c382fec5624c99835c8cb6bbde174d1b94c9542f531fc7678d",
                "sha256:a1db522368079a7a8e5525e249484f7fe087797f201b8b588573dbd05a0092df",
                "sha256:a73d045c85b35ebc289830a475a1aa80572dbd656b1110d9a8d197d63cfd70f3",
                "sha256:a85ebedf272e7084dd16c14ea59243328e88a66fff43532987307a8771d240cd",
                "sha256:ac1d9b8fec0ee3efa4a6cfa21107e301f7a567cb2310d7c31c6fe3529f11e4e0",
                "sha256:acb66fe6c27c210f3519dda2e70928419388f1af8853102c579fa3079d9ff97c",
                "sha256:adcd00554beca01a056234a3f3fb5415b2391fa1c4b6b710ccb8765a6ad79017",
                "sha256:b29690c81c6ca42058031936add3e1b5c133beefbaf9efd0897ab50c6a15ad18",
                "sha256:b73028948fa8ff81c4279592ae980370acd0b9d5cdbb871cefc644c58b2d0dd1",
                "sha256:c4ec6951158a0b51e8a7de79e0a5c29a2a73f7381bb35ce638b833e628a26e77",
                "sha256:c807e00f495d8b6c3bcd253a5490f8b7888bb9d8d98057b70d7dee625cd608f7",
                "sha256:cd83a7f18df52175a0155052ea83d8cacdea972bce7c24fd950d41b3f62ee9fc",
                "sha256:e0f176edb38a22d078bddcc7cd3c34e38edfe1af9db82d2a08d9af474674423a",
                "sha256:e85e392fcd4b6c6682af937717305646e3d318b1c204beaa7f37297c71aa801c",
                "sha256:f0ea1aeba4bc1be0de2f25eb3fe6ea77315c5449f54a43c6af6ab36ac37a529d"
            ],
            "index": "pypi",
            "version": "==1.0.11"
        },
        "six": {
            "hashes": [
                "sha256:1e61c37477a1626458e36f7b1d82aa5c9b094fa4802892072e49de9c60c4c926",
                "sha256:8abb2f1d86890a2dfb989f9a77cfcfd3e47c2a354b01111771326f8aa26e0254"
            ],
            "markers": "python_version >= '2.7' and python_version not in '3.0, 3.1, 3.2, 3.3'",
            "version": "==1.16.0"
        },
        "wcwidth": {
            "hashes": [
                "sha256:beb4802a9cebb9144e99086eff703a642a13d6a0052920003a230f3294bbe784",
                "sha256:c4d647b99872929fdb7bdcaa4fbe7f01413ed3d98077df798530e5b04f116c83"
            ],
            "version": "==0.2.5"
        }
    },
    "develop": {
        "pyflakes": {
            "hashes": [
                "sha256:05a85c2872edf37a4ed30b0cce2f6093e1d0581f8c19d7393122da7e25b2b24c",
                "sha256:3bb3a3f256f4b7968c9c788781e4ff07dce46bdf12339dcda61053375426ee2e"
            ],
            "index": "pypi",
            "version": "==2.4.0"
        }
    }
}
